{
  "name": "prompt-guard-vscode",
  "version": "0.1.0",
  "lockfileVersion": 3,
  "requires": true,
  "packages": {
    "": {
      "name": "prompt-guard-vscode",
      "version": "0.1.0",
      "dependencies": {
        "prompt-guard": "file:.."
      },
      "devDependencies": {
        "@types/node": "16.x",
        "@types/vscode": "^1.74.0",
        "typescript": "^4.9.4"
      },
      "engines": {
        "vscode": "^1.74.0"
      }
    },
    "..": {
      "version": "0.1.0",
      "license": "MIT",
      "dependencies": {
        "chalk": "^4.1.2",
        "commander": "^11.0.0",
        "glob": "^10.0.0"
      },
      "bin": {
        "prompt-guard": "bin/prompt-guard"
      },
      "devDependencies": {
        "@types/jest": "^29.0.0",
        "@types/node": "^20.0.0",
        "eslint": "^8.0.0",
        "jest": "^29.0.0",
        "ts-jest": "^29.4.6",
        "typescript": "^5.0.0"
      }
    },
    "node_modules/@types/node": {
      "version": "16.18.126",
      "resolved": "https://registry.npmjs.org/@types/node/-/node-16.18.126.tgz",
      "integrity": "sha512-OTcgaiwfGFBKacvfwuHzzn1KLxH/er8mluiy8/uM3sGXHaRe73RrSIj01jow9t4kJEW633Ov+cOexXeiApTyAw==",
      "dev": true,
      "license": "MIT"
    },
    "node_modules/@types/vscode": {
      "version": "1.110.0",
      "resolved": "https://registry.npmjs.org/@types/vscode/-/vscode-1.110.0.tgz",
      "integrity": "sha512-AGuxUEpU4F4mfuQjxPPaQVyuOMhs+VT/xRok1jiHVBubHK7lBRvCuOMZG0LKUwxncrPorJ5qq/uil3IdZBd5lA==",
      "dev": true,
      "license": "MIT"
    },
    "node_modules/prompt-guard": {
      "resolved": "..",
      "link": true
    },
    "node_modules/typescript": {
      "version": "4.9.5",
      "resolved": "https://registry.npmjs.org/typescript/-/typescript-4.9.5.tgz",
      "integrity": "sha512-1FXk9E2Hm+QzZQ7z+McJiHL4NW1F2EzMu9Nq9i3zAaGqibafqYwCVU6WyWAuyQRRzOlxou8xZSyXLEN8oKj24g==",
      "dev": true,
      "license": "Apache-2.0",
      "bin": {
        "tsc": "bin/tsc",
        "tsserver": "bin/tsserver"
      },
      "engines": {
        "node": ">=4.2.0"
      }
    }
  }
}
